
Microsoft Visual Studio Solution File, Format Version 12.00
# Visual Studio 15
Project("{FAE04EC0-301F-11D3-BF4B-00C04F79EFBC}") = "Mirror", "Mirror.csproj", "{E6323925-BAD2-0EE2-AA97-978A67095F86}"
EndProject
Project("{FAE04EC0-301F-11D3-BF4B-00C04F79EFBC}") = "UnityEngine.TestRunner", "UnityEngine.TestRunner.csproj", "{6DBD8527-8385-9D54-2F68-19E17D02FF53}"
EndProject
Project("{FAE04EC0-301F-11D3-BF4B-00C04F79EFBC}") = "SimpleWebTransport", "SimpleWebTransport.csproj", "{89993891-D17B-E860-7056-20900A7A98EA}"
EndProject
Project("{FAE04EC0-301F-11D3-BF4B-00C04F79EFBC}") = "Unity.Timeline", "Unity.Timeline.csproj", "{F925016E-F697-D723-7604-B27649A322FD}"
EndProject
Project("{FAE04EC0-301F-11D3-BF4B-00C04F79EFBC}") = "UnityEngine.UI", "UnityEngine.UI.csproj", "{671326BE-4709-3140-D8D2-C620FBEAC4D8}"
EndProject
Project("{FAE04EC0-301F-11D3-BF4B-00C04F79EFBC}") = "Assembly-CSharp", "Assembly-CSharp.csproj", "{6D18872F-7583-D751-4441-3AB625F7B6F5}"
EndProject
Project("{FAE04EC0-301F-11D3-BF4B-00C04F79EFBC}") = "Mirror.Components", "Mirror.Components.csproj", "{68FBF0B2-913C-7239-ABAB-232EB6F76B1B}"
EndProject
Project("{FAE04EC0-301F-11D3-BF4B-00C04F79EFBC}") = "Unity.TextMeshPro", "Unity.TextMeshPro.csproj", "{C11D438D-864B-6C42-0C76-6AA83276B539}"
EndProject
Project("{FAE04EC0-301F-11D3-BF4B-00C04F79EFBC}") = "kcp2k", "kcp2k.csproj", "{0839DDF8-532A-F5B6-E643-FF2077BAC6F9}"
EndProject
Project("{FAE04EC0-301F-11D3-BF4B-00C04F79EFBC}") = "Telepathy", "Telepathy.csproj", "{6A5D41F0-331C-EF15-307E-99CC48589F83}"
EndProject
Project("{FAE04EC0-301F-11D3-BF4B-00C04F79EFBC}") = "Mirror.Authenticators", "Mirror.Authenticators.csproj", "{16EA7284-8C47-D620-F381-D6C8C27EB9D0}"
EndProject
Project("{FAE04EC0-301F-11D3-BF4B-00C04F79EFBC}") = "where-allocations", "where-allocations.csproj", "{AA743746-F7C0-6A22-84AC-6B8866FA6C22}"
EndProject
Project("{FAE04EC0-301F-11D3-BF4B-00C04F79EFBC}") = "UnityEditor.TestRunner", "UnityEditor.TestRunner.csproj", "{50F2AF80-C762-DF9D-F18D-4A564BE7FCF3}"
EndProject
Project("{FAE04EC0-301F-11D3-BF4B-00C04F79EFBC}") = "Unity.PlasticSCM.Editor", "Unity.PlasticSCM.Editor.csproj", "{D596FA23-4749-C456-4C05-9A1DC1CBD3CC}"
EndProject
Project("{FAE04EC0-301F-11D3-BF4B-00C04F79EFBC}") = "UnityEditor.UI", "UnityEditor.UI.csproj", "{35442D14-69CC-6EAF-17B5-94C79A1B250C}"
EndProject
Project("{FAE04EC0-301F-11D3-BF4B-00C04F79EFBC}") = "Unity.Services.Core.Editor", "Unity.Services.Core.Editor.csproj", "{02C89D45-ABA0-69E1-E795-6022EADFDFB5}"
EndProject
Project("{FAE04EC0-301F-11D3-BF4B-00C04F79EFBC}") = "Unity.Timeline.Editor", "Unity.Timeline.Editor.csproj", "{C5C91414-C6E5-1FB3-909F-E5A750999703}"
EndProject
Project("{FAE04EC0-301F-11D3-BF4B-00C04F79EFBC}") = "Unity.VisualStudio.Editor", "Unity.VisualStudio.Editor.csproj", "{54B036A6-07CC-EEF4-41A3-E412A897CE66}"
EndProject
Project("{FAE04EC0-301F-11D3-BF4B-00C04F79EFBC}") = "Unity.TextMeshPro.Editor", "Unity.TextMeshPro.Editor.csproj", "{6487834D-8F39-FAAA-3710-0202E6589AF6}"
EndProject
Project("{FAE04EC0-301F-11D3-BF4B-00C04F79EFBC}") = "Unity.CollabProxy.Editor", "Unity.CollabProxy.Editor.csproj", "{D383814A-EB30-378A-660D-A57819A45E6A}"
EndProject
Project("{FAE04EC0-301F-11D3-BF4B-00C04F79EFBC}") = "Unity.Mirror.CodeGen", "Unity.Mirror.CodeGen.csproj", "{B9E8CB1F-3291-E490-73E7-C30F4C47891B}"
EndProject
Project("{FAE04EC0-301F-11D3-BF4B-00C04F79EFBC}") = "Unity.Rider.Editor", "Unity.Rider.Editor.csproj", "{E3614480-6BB9-DAE7-2F4F-71FF975E0EAC}"
EndProject
Project("{FAE04EC0-301F-11D3-BF4B-00C04F79EFBC}") = "Mirror.Editor", "Mirror.Editor.csproj", "{B2472346-B60C-7F75-89A6-3C007D73A04C}"
EndProject
Project("{FAE04EC0-301F-11D3-BF4B-00C04F79EFBC}") = "Unity.2D.Sprite.Editor", "Unity.2D.Sprite.Editor.csproj", "{83B672D3-5C24-8A2C-61EB-5167CE31D176}"
EndProject
Project("{FAE04EC0-301F-11D3-BF4B-00C04F79EFBC}") = "Unity.VSCode.Editor", "Unity.VSCode.Editor.csproj", "{1CCD88FF-6493-07AF-DAF5-82BE5405E7DC}"
EndProject
Project("{FAE04EC0-301F-11D3-BF4B-00C04F79EFBC}") = "Mirror.CompilerSymbols", "Mirror.CompilerSymbols.csproj", "{D69C27AC-73ED-C6CC-AD40-5CCD47217BEC}"
EndProject
Project("{FAE04EC0-301F-11D3-BF4B-00C04F79EFBC}") = "Mirror", "Mirror.Player.csproj", "{6504EB5E-86BF-B157-E86D-4C73588346AA}"
EndProject
Project("{FAE04EC0-301F-11D3-BF4B-00C04F79EFBC}") = "UnityEngine.TestRunner", "UnityEngine.TestRunner.Player.csproj", "{EE2F177C-F22F-55CA-7805-1E39407D261E}"
EndProject
Project("{FAE04EC0-301F-11D3-BF4B-00C04F79EFBC}") = "SimpleWebTransport", "SimpleWebTransport.Player.csproj", "{C9741D73-DDBA-0C8E-F489-0719770789E0}"
EndProject
Project("{FAE04EC0-301F-11D3-BF4B-00C04F79EFBC}") = "Unity.Timeline", "Unity.Timeline.Player.csproj", "{1E989656-7F57-23F6-7ECF-F48FD0CDA3C0}"
EndProject
Project("{FAE04EC0-301F-11D3-BF4B-00C04F79EFBC}") = "UnityEngine.UI", "UnityEngine.UI.Player.csproj", "{049F2E4F-46C3-6421-5C46-9AEEF7EBCA58}"
EndProject
Project("{FAE04EC0-301F-11D3-BF4B-00C04F79EFBC}") = "Assembly-CSharp", "Assembly-CSharp.Player.csproj", "{48232888-66BE-A8AE-92F1-429D4F1E1E24}"
EndProject
Project("{FAE04EC0-301F-11D3-BF4B-00C04F79EFBC}") = "Mirror.Components", "Mirror.Components.Player.csproj", "{8F308A8D-83C7-4EA5-4B80-056B71AA7847}"
EndProject
Project("{FAE04EC0-301F-11D3-BF4B-00C04F79EFBC}") = "Unity.TextMeshPro", "Unity.TextMeshPro.Player.csproj", "{5DC6116E-061C-1566-78D3-17156DEED655}"
EndProject
Project("{FAE04EC0-301F-11D3-BF4B-00C04F79EFBC}") = "kcp2k", "kcp2k.Player.csproj", "{C9EBA349-9225-6577-C14D-DB76DA2B2D97}"
EndProject
Project("{FAE04EC0-301F-11D3-BF4B-00C04F79EFBC}") = "Telepathy", "Telepathy.Player.csproj", "{9816AE8A-9A64-580C-B8B9-6C165C9DA32D}"
EndProject
Project("{FAE04EC0-301F-11D3-BF4B-00C04F79EFBC}") = "Mirror.Authenticators", "Mirror.Authenticators.Player.csproj", "{26454192-ADE0-7E57-6B6A-CD598626CF32}"
EndProject
Project("{FAE04EC0-301F-11D3-BF4B-00C04F79EFBC}") = "where-allocations", "where-allocations.Player.csproj", "{B58248BB-240A-555D-A944-4F5311680197}"
EndProject
Global
	GlobalSection(SolutionConfigurationPlatforms) = preSolution
		Debug|Any CPU = Debug|Any CPU
		Release|Any CPU = Release|Any CPU
	EndGlobalSection
	GlobalSection(ProjectConfigurationPlatforms) = postSolution
		{E6323925-BAD2-0EE2-AA97-978A67095F86}.Debug|Any CPU.ActiveCfg = Debug|Any CPU
		{E6323925-BAD2-0EE2-AA97-978A67095F86}.Debug|Any CPU.Build.0 = Debug|Any CPU
		{E6323925-BAD2-0EE2-AA97-978A67095F86}.Release|Any CPU.ActiveCfg = Release|Any CPU
		{E6323925-BAD2-0EE2-AA97-978A67095F86}.Release|Any CPU.Build.0 = Release|Any CPU
		{6DBD8527-8385-9D54-2F68-19E17D02FF53}.Debug|Any CPU.ActiveCfg = Debug|Any CPU
		{6DBD8527-8385-9D54-2F68-19E17D02FF53}.Debug|Any CPU.Build.0 = Debug|Any CPU
		{6DBD8527-8385-9D54-2F68-19E17D02FF53}.Release|Any CPU.ActiveCfg = Release|Any CPU
		{6DBD8527-8385-9D54-2F68-19E17D02FF53}.Release|Any CPU.Build.0 = Release|Any CPU
		{89993891-D17B-E860-7056-20900A7A98EA}.Debug|Any CPU.ActiveCfg = Debug|Any CPU
		{89993891-D17B-E860-7056-20900A7A98EA}.Debug|Any CPU.Build.0 = Debug|Any CPU
		{89993891-D17B-E860-7056-20900A7A98EA}.Release|Any CPU.ActiveCfg = Release|Any CPU
		{89993891-D17B-E860-7056-20900A7A98EA}.Release|Any CPU.Build.0 = Release|Any CPU
		{F925016E-F697-D723-7604-B27649A322FD}.Debug|Any CPU.ActiveCfg = Debug|Any CPU
		{F925016E-F697-D723-7604-B27649A322FD}.Debug|Any CPU.Build.0 = Debug|Any CPU
		{F925016E-F697-D723-7604-B27649A322FD}.Release|Any CPU.ActiveCfg = Release|Any CPU
		{F925016E-F697-D723-7604-B27649A322FD}.Release|Any CPU.Build.0 = Release|Any CPU
		{671326BE-4709-3140-D8D2-C620FBEAC4D8}.Debug|Any CPU.ActiveCfg = Debug|Any CPU
		{671326BE-4709-3140-D8D2-C620FBEAC4D8}.Debug|Any CPU.Build.0 = Debug|Any CPU
		{671326BE-4709-3140-D8D2-C620FBEAC4D8}.Release|Any CPU.ActiveCfg = Release|Any CPU
		{671326BE-4709-3140-D8D2-C620FBEAC4D8}.Release|Any CPU.Build.0 = Release|Any CPU
		{6D18872F-7583-D751-4441-3AB625F7B6F5}.Debug|Any CPU.ActiveCfg = Debug|Any CPU
		{6D18872F-7583-D751-4441-3AB625F7B6F5}.Debug|Any CPU.Build.0 = Debug|Any CPU
		{6D18872F-7583-D751-4441-3AB625F7B6F5}.Release|Any CPU.ActiveCfg = Release|Any CPU
		{6D18872F-7583-D751-4441-3AB625F7B6F5}.Release|Any CPU.Build.0 = Release|Any CPU
		{68FBF0B2-913C-7239-ABAB-232EB6F76B1B}.Debug|Any CPU.ActiveCfg = Debug|Any CPU
		{68FBF0B2-913C-7239-ABAB-232EB6F76B1B}.Debug|Any CPU.Build.0 = Debug|Any CPU
		{68FBF0B2-913C-7239-ABAB-232EB6F76B1B}.Release|Any CPU.ActiveCfg = Release|Any CPU
		{68FBF0B2-913C-7239-ABAB-232EB6F76B1B}.Release|Any CPU.Build.0 = Release|Any CPU
		{C11D438D-864B-6C42-0C76-6AA83276B539}.Debug|Any CPU.ActiveCfg = Debug|Any CPU
		{C11D438D-864B-6C42-0C76-6AA83276B539}.Debug|Any CPU.Build.0 = Debug|Any CPU
		{C11D438D-864B-6C42-0C76-6AA83276B539}.Release|Any CPU.ActiveCfg = Release|Any CPU
		{C11D438D-864B-6C42-0C76-6AA83276B539}.Release|Any CPU.Build.0 = Release|Any CPU
		{0839DDF8-532A-F5B6-E643-FF2077BAC6F9}.Debug|Any CPU.ActiveCfg = Debug|Any CPU
		{0839DDF8-532A-F5B6-E643-FF2077BAC6F9}.Debug|Any CPU.Build.0 = Debug|Any CPU
		{0839DDF8-532A-F5B6-E643-FF2077BAC6F9}.Release|Any CPU.ActiveCfg = Release|Any CPU
		{0839DDF8-532A-F5B6-E643-FF2077BAC6F9}.Release|Any CPU.Build.0 = Release|Any CPU
		{6A5D41F0-331C-EF15-307E-99CC48589F83}.Debug|Any CPU.ActiveCfg = Debug|Any CPU
		{6A5D41F0-331C-EF15-307E-99CC48589F83}.Debug|Any CPU.Build.0 = Debug|Any CPU
		{6A5D41F0-331C-EF15-307E-99CC48589F83}.Release|Any CPU.ActiveCfg = Release|Any CPU
		{6A5D41F0-331C-EF15-307E-99CC48589F83}.Release|Any CPU.Build.0 = Release|Any CPU
		{16EA7284-8C47-D620-F381-D6C8C27EB9D0}.Debug|Any CPU.ActiveCfg = Debug|Any CPU
		{16EA7284-8C47-D620-F381-D6C8C27EB9D0}.Debug|Any CPU.Build.0 = Debug|Any CPU
		{16EA7284-8C47-D620-F381-D6C8C27EB9D0}.Release|Any CPU.ActiveCfg = Release|Any CPU
		{16EA7284-8C47-D620-F381-D6C8C27EB9D0}.Release|Any CPU.Build.0 = Release|Any CPU
		{AA743746-F7C0-6A22-84AC-6B8866FA6C22}.Debug|Any CPU.ActiveCfg = Debug|Any CPU
		{AA743746-F7C0-6A22-84AC-6B8866FA6C22}.Debug|Any CPU.Build.0 = Debug|Any CPU
		{AA743746-F7C0-6A22-84AC-6B8866FA6C22}.Release|Any CPU.ActiveCfg = Release|Any CPU
		{AA743746-F7C0-6A22-84AC-6B8866FA6C22}.Release|Any CPU.Build.0 = Release|Any CPU
		{50F2AF80-C762-DF9D-F18D-4A564BE7FCF3}.Debug|Any CPU.ActiveCfg = Debug|Any CPU
		{50F2AF80-C762-DF9D-F18D-4A564BE7FCF3}.Debug|Any CPU.Build.0 = Debug|Any CPU
		{50F2AF80-C762-DF9D-F18D-4A564BE7FCF3}.Release|Any CPU.ActiveCfg = Release|Any CPU
		{50F2AF80-C762-DF9D-F18D-4A564BE7FCF3}.Release|Any CPU.Build.0 = Release|Any CPU
		{D596FA23-4749-C456-4C05-9A1DC1CBD3CC}.Debug|Any CPU.ActiveCfg = Debug|Any CPU
		{D596FA23-4749-C456-4C05-9A1DC1CBD3CC}.Debug|Any CPU.Build.0 = Debug|Any CPU
		{D596FA23-4749-C456-4C05-9A1DC1CBD3CC}.Release|Any CPU.ActiveCfg = Release|Any CPU
		{D596FA23-4749-C456-4C05-9A1DC1CBD3CC}.Release|Any CPU.Build.0 = Release|Any CPU
		{35442D14-69CC-6EAF-17B5-94C79A1B250C}.Debug|Any CPU.ActiveCfg = Debug|Any CPU
		{35442D14-69CC-6EAF-17B5-94C79A1B250C}.Debug|Any CPU.Build.0 = Debug|Any CPU
		{35442D14-69CC-6EAF-17B5-94C79A1B250C}.Release|Any CPU.ActiveCfg = Release|Any CPU
		{35442D14-69CC-6EAF-17B5-94C79A1B250C}.Release|Any CPU.Build.0 = Release|Any CPU
		{02C89D45-ABA0-69E1-E795-6022EADFDFB5}.Debug|Any CPU.ActiveCfg = Debug|Any CPU
		{02C89D45-ABA0-69E1-E795-6022EADFDFB5}.Debug|Any CPU.Build.0 = Debug|Any CPU
		{02C89D45-ABA0-69E1-E795-6022EADFDFB5}.Release|Any CPU.ActiveCfg = Release|Any CPU
		{02C89D45-ABA0-69E1-E795-6022EADFDFB5}.Release|Any CPU.Build.0 = Release|Any CPU
		{C5C91414-C6E5-1FB3-909F-E5A750999703}.Debug|Any CPU.ActiveCfg = Debug|Any CPU
		{C5C91414-C6E5-1FB3-909F-E5A750999703}.Debug|Any CPU.Build.0 = Debug|Any CPU
		{C5C91414-C6E5-1FB3-909F-E5A750999703}.Release|Any CPU.ActiveCfg = Release|Any CPU
		{C5C91414-C6E5-1FB3-909F-E5A750999703}.Release|Any CPU.Build.0 = Release|Any CPU
		{54B036A6-07CC-EEF4-41A3-E412A897CE66}.Debug|Any CPU.ActiveCfg = Debug|Any CPU
		{54B036A6-07CC-EEF4-41A3-E412A897CE66}.Debug|Any CPU.Build.0 = Debug|Any CPU
		{54B036A6-07CC-EEF4-41A3-E412A897CE66}.Release|Any CPU.ActiveCfg = Release|Any CPU
		{54B036A6-07CC-EEF4-41A3-E412A897CE66}.Release|Any CPU.Build.0 = Release|Any CPU
		{6487834D-8F39-FAAA-3710-0202E6589AF6}.Debug|Any CPU.ActiveCfg = Debug|Any CPU
		{6487834D-8F39-FAAA-3710-0202E6589AF6}.Debug|Any CPU.Build.0 = Debug|Any CPU
		{6487834D-8F39-FAAA-3710-0202E6589AF6}.Release|Any CPU.ActiveCfg = Release|Any CPU
		{6487834D-8F39-FAAA-3710-0202E6589AF6}.Release|Any CPU.Build.0 = Release|Any CPU
		{D383814A-EB30-378A-660D-A57819A45E6A}.Debug|Any CPU.ActiveCfg = Debug|Any CPU
		{D383814A-EB30-378A-660D-A57819A45E6A}.Debug|Any CPU.Build.0 = Debug|Any CPU
		{D383814A-EB30-378A-660D-A57819A45E6A}.Release|Any CPU.ActiveCfg = Release|Any CPU
		{D383814A-EB30-378A-660D-A57819A45E6A}.Release|Any CPU.Build.0 = Release|Any CPU
		{B9E8CB1F-3291-E490-73E7-C30F4C47891B}.Debug|Any CPU.ActiveCfg = Debug|Any CPU
		{B9E8CB1F-3291-E490-73E7-C30F4C47891B}.Debug|Any CPU.Build.0 = Debug|Any CPU
		{B9E8CB1F-3291-E490-73E7-C30F4C47891B}.Release|Any CPU.ActiveCfg = Release|Any CPU
		{B9E8CB1F-3291-E490-73E7-C30F4C47891B}.Release|Any CPU.Build.0 = Release|Any CPU
		{E3614480-6BB9-DAE7-2F4F-71FF975E0EAC}.Debug|Any CPU.ActiveCfg = Debug|Any CPU
		{E3614480-6BB9-DAE7-2F4F-71FF975E0EAC}.Debug|Any CPU.Build.0 = Debug|Any CPU
		{E3614480-6BB9-DAE7-2F4F-71FF975E0EAC}.Release|Any CPU.ActiveCfg = Release|Any CPU
		{E3614480-6BB9-DAE7-2F4F-71FF975E0EAC}.Release|Any CPU.Build.0 = Release|Any CPU
		{B2472346-B60C-7F75-89A6-3C007D73A04C}.Debug|Any CPU.ActiveCfg = Debug|Any CPU
		{B2472346-B60C-7F75-89A6-3C007D73A04C}.Debug|Any CPU.Build.0 = Debug|Any CPU
		{B2472346-B60C-7F75-89A6-3C007D73A04C}.Release|Any CPU.ActiveCfg = Release|Any CPU
		{B2472346-B60C-7F75-89A6-3C007D73A04C}.Release|Any CPU.Build.0 = Release|Any CPU
		{83B672D3-5C24-8A2C-61EB-5167CE31D176}.Debug|Any CPU.ActiveCfg = Debug|Any CPU
		{83B672D3-5C24-8A2C-61EB-5167CE31D176}.Debug|Any CPU.Build.0 = Debug|Any CPU
		{83B672D3-5C24-8A2C-61EB-5167CE31D176}.Release|Any CPU.ActiveCfg = Release|Any CPU
		{83B672D3-5C24-8A2C-61EB-5167CE31D176}.Release|Any CPU.Build.0 = Release|Any CPU
		{1CCD88FF-6493-07AF-DAF5-82BE5405E7DC}.Debug|Any CPU.ActiveCfg = Debug|Any CPU
		{1CCD88FF-6493-07AF-DAF5-82BE5405E7DC}.Debug|Any CPU.Build.0 = Debug|Any CPU
		{1CCD88FF-6493-07AF-DAF5-82BE5405E7DC}.Release|Any CPU.ActiveCfg = Release|Any CPU
		{1CCD88FF-6493-07AF-DAF5-82BE5405E7DC}.Release|Any CPU.Build.0 = Release|Any CPU
		{D69C27AC-73ED-C6CC-AD40-5CCD47217BEC}.Debug|Any CPU.ActiveCfg = Debug|Any CPU
		{D69C27AC-73ED-C6CC-AD40-5CCD47217BEC}.Debug|Any CPU.Build.0 = Debug|Any CPU
		{D69C27AC-73ED-C6CC-AD40-5CCD47217BEC}.Release|Any CPU.ActiveCfg = Release|Any CPU
		{D69C27AC-73ED-C6CC-AD40-5CCD47217BEC}.Release|Any CPU.Build.0 = Release|Any CPU
		{6504EB5E-86BF-B157-E86D-4C73588346AA}.Debug|Any CPU.ActiveCfg = Debug|Any CPU
		{6504EB5E-86BF-B157-E86D-4C73588346AA}.Debug|Any CPU.Build.0 = Debug|Any CPU
		{6504EB5E-86BF-B157-E86D-4C73588346AA}.Release|Any CPU.ActiveCfg = Release|Any CPU
		{6504EB5E-86BF-B157-E86D-4C73588346AA}.Release|Any CPU.Build.0 = Release|Any CPU
		{EE2F177C-F22F-55CA-7805-1E39407D261E}.Debug|Any CPU.ActiveCfg = Debug|Any CPU
		{EE2F177C-F22F-55CA-7805-1E39407D261E}.Debug|Any CPU.Build.0 = Debug|Any CPU
		{EE2F177C-F22F-55CA-7805-1E39407D261E}.Release|Any CPU.ActiveCfg = Release|Any CPU
		{EE2F177C-F22F-55CA-7805-1E39407D261E}.Release|Any CPU.Build.0 = Release|Any CPU
		{C9741D73-DDBA-0C8E-F489-0719770789E0}.Debug|Any CPU.ActiveCfg = Debug|Any CPU
		{C9741D73-DDBA-0C8E-F489-0719770789E0}.Debug|Any CPU.Build.0 = Debug|Any CPU
		{C9741D73-DDBA-0C8E-F489-0719770789E0}.Release|Any CPU.ActiveCfg = Release|Any CPU
		{C9741D73-DDBA-0C8E-F489-0719770789E0}.Release|Any CPU.Build.0 = Release|Any CPU
		{1E989656-7F57-23F6-7ECF-F48FD0CDA3C0}.Debug|Any CPU.ActiveCfg = Debug|Any CPU
		{1E989656-7F57-23F6-7ECF-F48FD0CDA3C0}.Debug|Any CPU.Build.0 = Debug|Any CPU
		{1E989656-7F57-23F6-7ECF-F48FD0CDA3C0}.Release|Any CPU.ActiveCfg = Release|Any CPU
		{1E989656-7F57-23F6-7ECF-F48FD0CDA3C0}.Release|Any CPU.Build.0 = Release|Any CPU
		{049F2E4F-46C3-6421-5C46-9AEEF7EBCA58}.Debug|Any CPU.ActiveCfg = Debug|Any CPU
		{049F2E4F-46C3-6421-5C46-9AEEF7EBCA58}.Debug|Any CPU.Build.0 = Debug|Any CPU
		{049F2E4F-46C3-6421-5C46-9AEEF7EBCA58}.Release|Any CPU.ActiveCfg = Release|Any CPU
		{049F2E4F-46C3-6421-5C46-9AEEF7EBCA58}.Release|Any CPU.Build.0 = Release|Any CPU
		{48232888-66BE-A8AE-92F1-429D4F1E1E24}.Debug|Any CPU.ActiveCfg = Debug|Any CPU
		{48232888-66BE-A8AE-92F1-429D4F1E1E24}.Debug|Any CPU.Build.0 = Debug|Any CPU
		{48232888-66BE-A8AE-92F1-429D4F1E1E24}.Release|Any CPU.ActiveCfg = Release|Any CPU
		{48232888-66BE-A8AE-92F1-429D4F1E1E24}.Release|Any CPU.Build.0 = Release|Any CPU
		{8F308A8D-83C7-4EA5-4B80-056B71AA7847}.Debug|Any CPU.ActiveCfg = Debug|Any CPU
		{8F308A8D-83C7-4EA5-4B80-056B71AA7847}.Debug|Any CPU.Build.0 = Debug|Any CPU
		{8F308A8D-83C7-4EA5-4B80-056B71AA7847}.Release|Any CPU.ActiveCfg = Release|Any CPU
		{8F308A8D-83C7-4EA5-4B80-056B71AA7847}.Release|Any CPU.Build.0 = Release|Any CPU
		{5DC6116E-061C-1566-78D3-17156DEED655}.Debug|Any CPU.ActiveCfg = Debug|Any CPU
		{5DC6116E-061C-1566-78D3-17156DEED655}.Debug|Any CPU.Build.0 = Debug|Any CPU
		{5DC6116E-061C-1566-78D3-17156DEED655}.Release|Any CPU.ActiveCfg = Release|Any CPU
		{5DC6116E-061C-1566-78D3-17156DEED655}.Release|Any CPU.Build.0 = Release|Any CPU
		{C9EBA349-9225-6577-C14D-DB76DA2B2D97}.Debug|Any CPU.ActiveCfg = Debug|Any CPU
		{C9EBA349-9225-6577-C14D-DB76DA2B2D97}.Debug|Any CPU.Build.0 = Debug|Any CPU
		{C9EBA349-9225-6577-C14D-DB76DA2B2D97}.Release|Any CPU.ActiveCfg = Release|Any CPU
		{C9EBA349-9225-6577-C14D-DB76DA2B2D97}.Release|Any CPU.Build.0 = Release|Any CPU
		{9816AE8A-9A64-580C-B8B9-6C165C9DA32D}.Debug|Any CPU.ActiveCfg = Debug|Any CPU
		{9816AE8A-9A64-580C-B8B9-6C165C9DA32D}.Debug|Any CPU.Build.0 = Debug|Any CPU
		{9816AE8A-9A64-580C-B8B9-6C165C9DA32D}.Release|Any CPU.ActiveCfg = Release|Any CPU
		{9816AE8A-9A64-580C-B8B9-6C165C9DA32D}.Release|Any CPU.Build.0 = Release|Any CPU
		{26454192-ADE0-7E57-6B6A-CD598626CF32}.Debug|Any CPU.ActiveCfg = Debug|Any CPU
		{26454192-ADE0-7E57-6B6A-CD598626CF32}.Debug|Any CPU.Build.0 = Debug|Any CPU
		{26454192-ADE0-7E57-6B6A-CD598626CF32}.Release|Any CPU.ActiveCfg = Release|Any CPU
		{26454192-ADE0-7E57-6B6A-CD598626CF32}.Release|Any CPU.Build.0 = Release|Any CPU
		{B58248BB-240A-555D-A944-4F5311680197}.Debug|Any CPU.ActiveCfg = Debug|Any CPU
		{B58248BB-240A-555D-A944-4F5311680197}.Debug|Any CPU.Build.0 = Debug|Any CPU
		{B58248BB-240A-555D-A944-4F5311680197}.Release|Any CPU.ActiveCfg = Release|Any CPU
		{B58248BB-240A-555D-A944-4F5311680197}.Release|Any CPU.Build.0 = Release|Any CPU
	EndGlobalSection
	GlobalSection(SolutionProperties) = preSolution
		HideSolutionNode = FALSE
	EndGlobalSection
EndGlobal
